
Microsoft Visual Studio Solution File, Format Version 12.00
# Visual Studio Version 17
VisualStudioVersion = 17.4.33205.214
MinimumVisualStudioVersion = 10.0.40219.1
Project("{FAE04EC0-301F-11D3-BF4B-00C04F79EFBC}") = "App.Domain", "App.Domain\App.Domain.csproj", "{2D4146D1-81EB-4B65-AC81-43EE06040102}"
EndProject
Project("{FAE04EC0-301F-11D3-BF4B-00C04F79EFBC}") = "App.Application", "App.Application\App.Application.csproj", "{14A1B3DF-618A-4A28-B8C0-186E70044338}"
EndProject
Project("{FAE04EC0-301F-11D3-BF4B-00C04F79EFBC}") = "App.Infra", "App.Infra\App.Infra.csproj", "{695B859E-D0C8-488B-82BB-DFCF3F62A526}"
EndProject
Project("{FAE04EC0-301F-11D3-BF4B-00C04F79EFBC}") = "Movies.API", "Movies.API\Movies.API.csproj", "{C5911D5D-4047-4BBE-AA03-0C32EDF1AA68}"
EndProject
Global
	GlobalSection(SolutionConfigurationPlatforms) = preSolution
		Debug|Any CPU = Debug|Any CPU
		Release|Any CPU = Release|Any CPU
	EndGlobalSection
	GlobalSection(ProjectConfigurationPlatforms) = postSolution
		{2D4146D1-81EB-4B65-AC81-43EE06040102}.Debug|Any CPU.ActiveCfg = Debug|Any CPU
		{2D4146D1-81EB-4B65-AC81-43EE06040102}.Debug|Any CPU.Build.0 = Debug|Any CPU
		{2D4146D1-81EB-4B65-AC81-43EE06040102}.Release|Any CPU.ActiveCfg = Release|Any CPU
		{2D4146D1-81EB-4B65-AC81-43EE06040102}.Release|Any CPU.Build.0 = Release|Any CPU
		{14A1B3DF-618A-4A28-B8C0-186E70044338}.Debug|Any CPU.ActiveCfg = Debug|Any CPU
		{14A1B3DF-618A-4A28-B8C0-186E70044338}.Debug|Any CPU.Build.0 = Debug|Any CPU
		{14A1B3DF-618A-4A28-B8C0-186E70044338}.Release|Any CPU.ActiveCfg = Release|Any CPU
		{14A1B3DF-618A-4A28-B8C0-186E70044338}.Release|Any CPU.Build.0 = Release|Any CPU
		{695B859E-D0C8-488B-82BB-DFCF3F62A526}.Debug|Any CPU.ActiveCfg = Debug|Any CPU
		{695B859E-D0C8-488B-82BB-DFCF3F62A526}.Debug|Any CPU.Build.0 = Debug|Any CPU
		{695B859E-D0C8-488B-82BB-DFCF3F62A526}.Release|Any CPU.ActiveCfg = Release|Any CPU
		{695B859E-D0C8-488B-82BB-DFCF3F62A526}.Release|Any CPU.Build.0 = Release|Any CPU
		{C5911D5D-4047-4BBE-AA03-0C32EDF1AA68}.Debug|Any CPU.ActiveCfg = Debug|Any CPU
		{C5911D5D-4047-4BBE-AA03-0C32EDF1AA68}.Debug|Any CPU.Build.0 = Debug|Any CPU
		{C5911D5D-4047-4BBE-AA03-0C32EDF1AA68}.Release|Any CPU.ActiveCfg = Release|Any CPU
		{C5911D5D-4047-4BBE-AA03-0C32EDF1AA68}.Release|Any CPU.Build.0 = Release|Any CPU
	EndGlobalSection
	GlobalSection(SolutionProperties) = preSolution
		HideSolutionNode = FALSE
	EndGlobalSection
	GlobalSection(ExtensibilityGlobals) = postSolution
		SolutionGuid = {B152D8FF-1A31-45F5-BA57-D9AA1F71B078}
	EndGlobalSection
EndGlobal
